
Microsoft Visual Studio Solution File, Format Version 12.00
# Visual Studio Version 17
VisualStudioVersion = 17.8.34525.116
MinimumVisualStudioVersion = 10.0.40219.1
Project("{FAE04EC0-301F-11D3-BF4B-00C04F79EFBC}") = "Week5LogicalOperators", "Week5LogicalOperators\Week5LogicalOperators.csproj", "{A65B8A26-794A-4BA8-83B6-502693E49D8B}"
EndProject
Project("{FAE04EC0-301F-11D3-BF4B-00C04F79EFBC}") = "ANDOperator", "ANDOperator\ANDOperator.csproj", "{A0E0AF33-C2B9-4F7A-B488-9EDFEB57F4E2}"
EndProject
Project("{FAE04EC0-301F-11D3-BF4B-00C04F79EFBC}") = "OROperator", "OROperator\OROperator.csproj", "{15BC2BCE-D3D3-417C-AC52-032D5102D4DB}"
EndProject
Project("{FAE04EC0-301F-11D3-BF4B-00C04F79EFBC}") = "ANDRanges", "ANDRanges\ANDRanges.csproj", "{46ADC81A-65C3-4C14-8C14-3FBE49D22E2D}"
EndProject
Global
	GlobalSection(SolutionConfigurationPlatforms) = preSolution
		Debug|Any CPU = Debug|Any CPU
		Release|Any CPU = Release|Any CPU
	EndGlobalSection
	GlobalSection(ProjectConfigurationPlatforms) = postSolution
		{A65B8A26-794A-4BA8-83B6-502693E49D8B}.Debug|Any CPU.ActiveCfg = Debug|Any CPU
		{A65B8A26-794A-4BA8-83B6-502693E49D8B}.Debug|Any CPU.Build.0 = Debug|Any CPU
		{A65B8A26-794A-4BA8-83B6-502693E49D8B}.Release|Any CPU.ActiveCfg = Release|Any CPU
		{A65B8A26-794A-4BA8-83B6-502693E49D8B}.Release|Any CPU.Build.0 = Release|Any CPU
		{A0E0AF33-C2B9-4F7A-B488-9EDFEB57F4E2}.Debug|Any CPU.ActiveCfg = Debug|Any CPU
		{A0E0AF33-C2B9-4F7A-B488-9EDFEB57F4E2}.Debug|Any CPU.Build.0 = Debug|Any CPU
		{A0E0AF33-C2B9-4F7A-B488-9EDFEB57F4E2}.Release|Any CPU.ActiveCfg = Release|Any CPU
		{A0E0AF33-C2B9-4F7A-B488-9EDFEB57F4E2}.Release|Any CPU.Build.0 = Release|Any CPU
		{15BC2BCE-D3D3-417C-AC52-032D5102D4DB}.Debug|Any CPU.ActiveCfg = Debug|Any CPU
		{15BC2BCE-D3D3-417C-AC52-032D5102D4DB}.Debug|Any CPU.Build.0 = Debug|Any CPU
		{15BC2BCE-D3D3-417C-AC52-032D5102D4DB}.Release|Any CPU.ActiveCfg = Release|Any CPU
		{15BC2BCE-D3D3-417C-AC52-032D5102D4DB}.Release|Any CPU.Build.0 = Release|Any CPU
		{46ADC81A-65C3-4C14-8C14-3FBE49D22E2D}.Debug|Any CPU.ActiveCfg = Debug|Any CPU
		{46ADC81A-65C3-4C14-8C14-3FBE49D22E2D}.Debug|Any CPU.Build.0 = Debug|Any CPU
		{46ADC81A-65C3-4C14-8C14-3FBE49D22E2D}.Release|Any CPU.ActiveCfg = Release|Any CPU
		{46ADC81A-65C3-4C14-8C14-3FBE49D22E2D}.Release|Any CPU.Build.0 = Release|Any CPU
	EndGlobalSection
	GlobalSection(SolutionProperties) = preSolution
		HideSolutionNode = FALSE
	EndGlobalSection
	GlobalSection(ExtensibilityGlobals) = postSolution
		SolutionGuid = {BA255ED9-FFE3-4FC0-8DE4-05525D924999}
	EndGlobalSection
EndGlobal
